// !$*UTF8*$!
{
	archiveVersion = 1;
	classes = {
	};
	objectVersion = 46;
	objects = {

/* Begin PBXBuildFile section */
		F39F23D618B0976F0065EF23 /* Foundation.framework in Frameworks */ = {isa = PBXBuildFile; fileRef = F39F23D518B0976F0065EF23 /* Foundation.framework */; };
		F39F23D818B0976F0065EF23 /* CoreGraphics.framework in Frameworks */ = {isa = PBXBuildFile; fileRef = F39F23D718B0976F0065EF23 /* CoreGraphics.framework */; };
		F39F23DA18B0976F0065EF23 /* UIKit.framework in Frameworks */ = {isa = PBXBuildFile; fileRef = F39F23D918B0976F0065EF23 /* UIKit.framework */; };
		F39F23E018B0976F0065EF23 /* InfoPlist.strings in Resources */ = {isa = PBXBuildFile; fileRef = F39F23DE18B0976F0065EF23 /* InfoPlist.strings */; };
		F39F23E218B0976F0065EF23 /* main.m in Sources */ = {isa = PBXBuildFile; fileRef = F39F23E118B0976F0065EF23 /* main.m */; };
		F39F23E618B0976F0065EF23 /* test_BMI_2AppDelegate.m in Sources */ = {isa = PBXBuildFile; fileRef = F39F23E518B0976F0065EF23 /* test_BMI_2AppDelegate.m */; };
		F39F23E918B0976F0065EF23 /* Main.storyboard in Resources */ = {isa = PBXBuildFile; fileRef = F39F23E718B0976F0065EF23 /* Main.storyboard */; };
		F39F23EC18B0976F0065EF23 /* test_BMI_2ViewController.m in Sources */ = {isa = PBXBuildFile; fileRef = F39F23EB18B0976F0065EF23 /* test_BMI_2ViewController.m */; };
		F39F23EE18B0976F0065EF23 /* Images.xcassets in Resources */ = {isa = PBXBuildFile; fileRef = F39F23ED18B0976F0065EF23 /* Images.xcassets */; };
		F39F23F518B0976F0065EF23 /* XCTest.framework in Frameworks */ = {isa = PBXBuildFile; fileRef = F39F23F418B0976F0065EF23 /* XCTest.framework */; };
		F39F23F618B0976F0065EF23 /* Foundation.framework in Frameworks */ = {isa = PBXBuildFile; fileRef = F39F23D518B0976F0065EF23 /* Foundation.framework */; };
		F39F23F718B0976F0065EF23 /* UIKit.framework in Frameworks */ = {isa = PBXBuildFile; fileRef = F39F23D918B0976F0065EF23 /* UIKit.framework */; };
		F39F23FF18B0976F0065EF23 /* InfoPlist.strings in Resources */ = {isa = PBXBuildFile; fileRef = F39F23FD18B0976F0065EF23 /* InfoPlist.strings */; };
		F39F240118B0976F0065EF23 /* test_BMI_2Tests.m in Sources */ = {isa = PBXBuildFile; fileRef = F39F240018B0976F0065EF23 /* test_BMI_2Tests.m */; };
/* End PBXBuildFile section */

/* Begin PBXContainerItemProxy section */
		F39F23F818B0976F0065EF23 /* PBXContainerItemProxy */ = {
			isa = PBXContainerItemProxy;
			containerPortal = F39F23CA18B0976E0065EF23 /* Project object */;
			proxyType = 1;
			remoteGlobalIDString = F39F23D118B0976E0065EF23;
			remoteInfo = test_BMI_2;
		};
/* End PBXContainerItemProxy section */

/* Begin PBXFileReference section */
		F39F23D218B0976F0065EF23 /* test_BMI_2.app */ = {isa = PBXFileReference; explicitFileType = wrapper.application; includeInIndex = 0; path = test_BMI_2.app; sourceTree = BUILT_PRODUCTS_DIR; };
		F39F23D518B0976F0065EF23 /* Foundation.framework */ = {isa = PBXFileReference; lastKnownFileType = wrapper.framework; name = Foundation.framework; path = System/Library/Frameworks/Foundation.framework; sourceTree = SDKROOT; };
		F39F23D718B0976F0065EF23 /* CoreGraphics.framework */ = {isa = PBXFileReference; lastKnownFileType = wrapper.framework; name = CoreGraphics.framework; path = System/Library/Frameworks/CoreGraphics.framework; sourceTree = SDKROOT; };
		F39F23D918B0976F0065EF23 /* UIKit.framework */ = {isa = PBXFileReference; lastKnownFileType = wrapper.framework; name = UIKit.framework; path = System/Library/Frameworks/UIKit.framework; sourceTree = SDKROOT; };
		F39F23DD18B0976F0065EF23 /* test_BMI_2-Info.plist */ = {isa = PBXFileReference; lastKnownFileType = text.plist.xml; path = "test_BMI_2-Info.plist"; sourceTree = "<group>"; };
		F39F23DF18B0976F0065EF23 /* en */ = {isa = PBXFileReference; lastKnownFileType = text.plist.strings; name = en; path = en.lproj/InfoPlist.strings; sourceTree = "<group>"; };
		F39F23E118B0976F0065EF23 /* main.m */ = {isa = PBXFileReference; lastKnownFileType = sourcecode.c.objc; path = main.m; sourceTree = "<group>"; };
		F39F23E318B0976F0065EF23 /* test_BMI_2-Prefix.pch */ = {isa = PBXFileReference; lastKnownFileType = sourcecode.c.h; path = "test_BMI_2-Prefix.pch"; sourceTree = "<group>"; };
		F39F23E418B0976F0065EF23 /* test_BMI_2AppDelegate.h */ = {isa = PBXFileReference; lastKnownFileType = sourcecode.c.h; path = test_BMI_2AppDelegate.h; sourceTree = "<group>"; };
		F39F23E518B0976F0065EF23 /* test_BMI_2AppDelegate.m */ = {isa = PBXFileReference; lastKnownFileType = sourcecode.c.objc; path = test_BMI_2AppDelegate.m; sourceTree = "<group>"; };
		F39F23E818B0976F0065EF23 /* Base */ = {isa = PBXFileReference; lastKnownFileType = file.storyboard; name = Base; path = Base.lproj/Main.storyboard; sourceTree = "<group>"; };
		F39F23EA18B0976F0065EF23 /* test_BMI_2ViewController.h */ = {isa = PBXFileReference; lastKnownFileType = sourcecode.c.h; path = test_BMI_2ViewController.h; sourceTree = "<group>"; };
		F39F23EB18B0976F0065EF23 /* test_BMI_2ViewController.m */ = {isa = PBXFileReference; lastKnownFileType = sourcecode.c.objc; path = test_BMI_2ViewController.m; sourceTree = "<group>"; };
		F39F23ED18B0976F0065EF23 /* Images.xcassets */ = {isa = PBXFileReference; lastKnownFileType = folder.assetcatalog; path = Images.xcassets; sourceTree = "<group>"; };
		F39F23F318B0976F0065EF23 /* test_BMI_2Tests.xctest */ = {isa = PBXFileReference; explicitFileType = wrapper.cfbundle; includeInIndex = 0; path = test_BMI_2Tests.xctest; sourceTree = BUILT_PRODUCTS_DIR; };
		F39F23F418B0976F0065EF23 /* XCTest.framework */ = {isa = PBXFileReference; lastKnownFileType = wrapper.framework; name = XCTest.framework; path = Library/Frameworks/XCTest.framework; sourceTree = DEVELOPER_DIR; };
		F39F23FC18B0976F0065EF23 /* test_BMI_2Tests-Info.plist */ = {isa = PBXFileReference; lastKnownFileType = text.plist.xml; path = "test_BMI_2Tests-Info.plist"; sourceTree = "<group>"; };
		F39F23FE18B0976F0065EF23 /* en */ = {isa = PBXFileReference; lastKnownFileType = text.plist.strings; name = en; path = en.lproj/InfoPlist.strings; sourceTree = "<group>"; };
		F39F240018B0976F0065EF23 /* test_BMI_2Tests.m */ = {isa = PBXFileReference; lastKnownFileType = sourcecode.c.objc; path = test_BMI_2Tests.m; sourceTree = "<group>"; };
/* End PBXFileReference section */

/* Begin PBXFrameworksBuildPhase section */
		F39F23CF18B0976E0065EF23 /* Frameworks */ = {
			isa = PBXFrameworksBuildPhase;
			buildActionMask = 2147483647;
			files = (
				F39F23D818B0976F0065EF23 /* CoreGraphics.framework in Frameworks */,
				F39F23DA18B0976F0065EF23 /* UIKit.framework in Frameworks */,
				F39F23D618B0976F0065EF23 /* Foundation.framework in Frameworks */,
			);
			runOnlyForDeploymentPostprocessing = 0;
		};
		F39F23F018B0976F0065EF23 /* Frameworks */ = {
			isa = PBXFrameworksBuildPhase;
			buildActionMask = 2147483647;
			files = (
				F39F23F518B0976F0065EF23 /* XCTest.framework in Frameworks */,
				F39F23F718B0976F0065EF23 /* UIKit.framework in Frameworks */,
				F39F23F618B0976F0065EF23 /* Foundation.framework in Frameworks */,
			);
			runOnlyForDeploymentPostprocessing = 0;
		};
/* End PBXFrameworksBuildPhase section */

/* Begin PBXGroup section */
		F39F23C918B0976E0065EF23 = {
			isa = PBXGroup;
			children = (
				F39F23DB18B0976F0065EF23 /* test_BMI_2 */,
				F39F23FA18B0976F0065EF23 /* test_BMI_2Tests */,
				F39F23D418B0976F0065EF23 /* Frameworks */,
				F39F23D318B0976F0065EF23 /* Products */,
			);
			sourceTree = "<group>";
		};
		F39F23D318B0976F0065EF23 /* Products */ = {
			isa = PBXGroup;
			children = (
				F39F23D218B0976F0065EF23 /* test_BMI_2.app */,
				F39F23F318B0976F0065EF23 /* test_BMI_2Tests.xctest */,
			);
			name = Products;
			sourceTree = "<group>";
		};
		F39F23D418B0976F0065EF23 /* Frameworks */ = {
			isa = PBXGroup;
			children = (
				F39F23D518B0976F0065EF23 /* Foundation.framework */,
				F39F23D718B0976F0065EF23 /* CoreGraphics.framework */,
				F39F23D918B0976F0065EF23 /* UIKit.framework */,
				F39F23F418B0976F0065EF23 /* XCTest.framework */,
			);
			name = Frameworks;
			sourceTree = "<group>";
		};
		F39F23DB18B0976F0065EF23 /* test_BMI_2 */ = {
			isa = PBXGroup;
			children = (
				F39F23E418B0976F0065EF23 /* test_BMI_2AppDelegate.h */,
				F39F23E518B0976F0065EF23 /* test_BMI_2AppDelegate.m */,
				F39F23E718B0976F0065EF23 /* Main.storyboard */,
				F39F23EA18B0976F0065EF23 /* test_BMI_2ViewController.h */,
				F39F23EB18B0976F0065EF23 /* test_BMI_2ViewController.m */,
				F39F23ED18B0976F0065EF23 /* Images.xcassets */,
				F39F23DC18B0976F0065EF23 /* Supporting Files */,
			);
			path = test_BMI_2;
			sourceTree = "<group>";
		};
		F39F23DC18B0976F0065EF23 /* Supporting Files */ = {
			isa = PBXGroup;
			children = (
				F39F23DD18B0976F0065EF23 /* test_BMI_2-Info.plist */,
				F39F23DE18B0976F0065EF23 /* InfoPlist.strings */,
				F39F23E118B0976F0065EF23 /* main.m */,
				F39F23E318B0976F0065EF23 /* test_BMI_2-Prefix.pch */,
			);
			name = "Supporting Files";
			sourceTree = "<group>";
		};
		F39F23FA18B0976F0065EF23 /* test_BMI_2Tests */ = {
			isa = PBXGroup;
			children = (
				F39F240018B0976F0065EF23 /* test_BMI_2Tests.m */,
				F39F23FB18B0976F0065EF23 /* Supporting Files */,
			);
			path = test_BMI_2Tests;
			sourceTree = "<group>";
		};
		F39F23FB18B0976F0065EF23 /* Supporting Files */ = {
			isa = PBXGroup;
			children = (
				F39F23FC18B0976F0065EF23 /* test_BMI_2Tests-Info.plist */,
				F39F23FD18B0976F0065EF23 /* InfoPlist.strings */,
			);
			name = "Supporting Files";
			sourceTree = "<group>";
		};
/* End PBXGroup section */

/* Begin PBXNativeTarget section */
		F39F23D118B0976E0065EF23 /* test_BMI_2 */ = {
			isa = PBXNativeTarget;
			buildConfigurationList = F39F240418B0976F0065EF23 /* Build configuration list for PBXNativeTarget "test_BMI_2" */;
			buildPhases = (
				F39F23CE18B0976E0065EF23 /* Sources */,
				F39F23CF18B0976E0065EF23 /* Frameworks */,
				F39F23D018B0976E0065EF23 /* Resources */,
			);
			buildRules = (
			);
			dependencies = (
			);
			name = test_BMI_2;
			productName = test_BMI_2;
			productReference = F39F23D218B0976F0065EF23 /* test_BMI_2.app */;
			productType = "com.apple.product-type.application";
		};
		F39F23F218B0976F0065EF23 /* test_BMI_2Tests */ = {
			isa = PBXNativeTarget;
			buildConfigurationList = F39F240718B0976F0065EF23 /* Build configuration list for PBXNativeTarget "test_BMI_2Tests" */;
			buildPhases = (
				F39F23EF18B0976F0065EF23 /* Sources */,
				F39F23F018B0976F0065EF23 /* Frameworks */,
				F39F23F118B0976F0065EF23 /* Resources */,
			);
			buildRules = (
			);
			dependencies = (
				F39F23F918B0976F0065EF23 /* PBXTargetDependency */,
			);
			name = test_BMI_2Tests;
			productName = test_BMI_2Tests;
			productReference = F39F23F318B0976F0065EF23 /* test_BMI_2Tests.xctest */;
			productType = "com.apple.product-type.bundle.unit-test";
		};
/* End PBXNativeTarget section */

/* Begin PBXProject section */
		F39F23CA18B0976E0065EF23 /* Project object */ = {
			isa = PBXProject;
			attributes = {
				CLASSPREFIX = test_BMI_2;
				LastUpgradeCheck = 0500;
				ORGANIZATIONNAME = "猪股 耕平";
				TargetAttributes = {
					F39F23F218B0976F0065EF23 = {
						TestTargetID = F39F23D118B0976E0065EF23;
					};
				};
			};
			buildConfigurationList = F39F23CD18B0976E0065EF23 /* Build configuration list for PBXProject "test_BMI_2" */;
			compatibilityVersion = "Xcode 3.2";
			developmentRegion = English;
			hasScannedForEncodings = 0;
			knownRegions = (
				en,
				Base,
			);
			mainGroup = F39F23C918B0976E0065EF23;
			productRefGroup = F39F23D318B0976F0065EF23 /* Products */;
			projectDirPath = "";
			projectRoot = "";
			targets = (
				F39F23D118B0976E0065EF23 /* test_BMI_2 */,
				F39F23F218B0976F0065EF23 /* test_BMI_2Tests */,
			);
		};
/* End PBXProject section */

/* Begin PBXResourcesBuildPhase section */
		F39F23D018B0976E0065EF23 /* Resources */ = {
			isa = PBXResourcesBuildPhase;
			buildActionMask = 2147483647;
			files = (
				F39F23EE18B0976F0065EF23 /* Images.xcassets in Resources */,
				F39F23E018B0976F0065EF23 /* InfoPlist.strings in Resources */,
				F39F23E918B0976F0065EF23 /* Main.storyboard in Resources */,
			);
			runOnlyForDeploymentPostprocessing = 0;
		};
		F39F23F118B0976F0065EF23 /* Resources */ = {
			isa = PBXResourcesBuildPhase;
			buildActionMask = 2147483647;
			files = (
				F39F23FF18B0976F0065EF23 /* InfoPlist.strings in Resources */,
			);
			runOnlyForDeploymentPostprocessing = 0;
		};
/* End PBXResourcesBuildPhase section */

/* Begin PBXSourcesBuildPhase section */
		F39F23CE18B0976E0065EF23 /* Sources */ = {
			isa = PBXSourcesBuildPhase;
			buildActionMask = 2147483647;
			files = (
				F39F23E618B0976F0065EF23 /* test_BMI_2AppDelegate.m in Sources */,
				F39F23EC18B0976F0065EF23 /* test_BMI_2ViewController.m in Sources */,
				F39F23E218B0976F0065EF23 /* main.m in Sources */,
			);
			runOnlyForDeploymentPostprocessing = 0;
		};
		F39F23EF18B0976F0065EF23 /* Sources */ = {
			isa = PBXSourcesBuildPhase;
			buildActionMask = 2147483647;
			files = (
				F39F240118B0976F0065EF23 /* test_BMI_2Tests.m in Sources */,
			);
			runOnlyForDeploymentPostprocessing = 0;
		};
/* End PBXSourcesBuildPhase section */

/* Begin PBXTargetDependency section */
		F39F23F918B0976F0065EF23 /* PBXTargetDependency */ = {
			isa = PBXTargetDependency;
			target = F39F23D118B0976E0065EF23 /* test_BMI_2 */;
			targetProxy = F39F23F818B0976F0065EF23 /* PBXContainerItemProxy */;
		};
/* End PBXTargetDependency section */

/* Begin PBXVariantGroup section */
		F39F23DE18B0976F0065EF23 /* InfoPlist.strings */ = {
			isa = PBXVariantGroup;
			children = (
				F39F23DF18B0976F0065EF23 /* en */,
			);
			name = InfoPlist.strings;
			sourceTree = "<group>";
		};
		F39F23E718B0976F0065EF23 /* Main.storyboard */ = {
			isa = PBXVariantGroup;
			children = (
				F39F23E818B0976F0065EF23 /* Base */,
			);
			name = Main.storyboard;
			sourceTree = "<group>";
		};
		F39F23FD18B0976F0065EF23 /* InfoPlist.strings */ = {
			isa = PBXVariantGroup;
			children = (
				F39F23FE18B0976F0065EF23 /* en */,
			);
			name = InfoPlist.strings;
			sourceTree = "<group>";
		};
/* End PBXVariantGroup section */

/* Begin XCBuildConfiguration section */
		F39F240218B0976F0065EF23 /* Debug */ = {
			isa = XCBuildConfiguration;
			buildSettings = {
				ALWAYS_SEARCH_USER_PATHS = NO;
				ARCHS = "$(ARCHS_STANDARD_INCLUDING_64_BIT)";
				CLANG_CXX_LANGUAGE_STANDARD = "gnu++0x";
				CLANG_CXX_LIBRARY = "libc++";
				CLANG_ENABLE_MODULES = YES;
				CLANG_ENABLE_OBJC_ARC = YES;
				CLANG_WARN_BOOL_CONVERSION = YES;
				CLANG_WARN_CONSTANT_CONVERSION = YES;
				CLANG_WARN_DIRECT_OBJC_ISA_USAGE = YES_ERROR;
				CLANG_WARN_EMPTY_BODY = YES;
				CLANG_WARN_ENUM_CONVERSION = YES;
				CLANG_WARN_INT_CONVERSION = YES;
				CLANG_WARN_OBJC_ROOT_CLASS = YES_ERROR;
				CLANG_WARN__DUPLICATE_METHOD_MATCH = YES;
				"CODE_SIGN_IDENTITY[sdk=iphoneos*]" = "iPhone Developer";
				COPY_PHASE_STRIP = NO;
				GCC_C_LANGUAGE_STANDARD = gnu99;
				GCC_DYNAMIC_NO_PIC = NO;
				GCC_OPTIMIZATION_LEVEL = 0;
				GCC_PREPROCESSOR_DEFINITIONS = (
					"DEBUG=1",
					"$(inherited)",
				);
				GCC_SYMBOLS_PRIVATE_EXTERN = NO;
				GCC_WARN_64_TO_32_BIT_CONVERSION = YES;
				GCC_WARN_ABOUT_RETURN_TYPE = YES_ERROR;
				GCC_WARN_UNDECLARED_SELECTOR = YES;
				GCC_WARN_UNINITIALIZED_AUTOS = YES;
				GCC_WARN_UNUSED_FUNCTION = YES;
				GCC_WARN_UNUSED_VARIABLE = YES;
				IPHONEOS_DEPLOYMENT_TARGET = 7.0;
				ONLY_ACTIVE_ARCH = YES;
				SDKROOT = iphoneos;
			};
			name = Debug;
		};
		F39F240318B0976F0065EF23 /* Release */ = {
			isa = XCBuildConfiguration;
			buildSettings = {
				ALWAYS_SEARCH_USER_PATHS = NO;
				ARCHS = "$(ARCHS_STANDARD_INCLUDING_64_BIT)";
				CLANG_CXX_LANGUAGE_STANDARD = "gnu++0x";
				CLANG_CXX_LIBRARY = "libc++";
				CLANG_ENABLE_MODULES = YES;
				CLANG_ENABLE_OBJC_ARC = YES;
				CLANG_WARN_BOOL_CONVERSION = YES;
				CLANG_WARN_CONSTANT_CONVERSION = YES;
				CLANG_WARN_DIRECT_OBJC_ISA_USAGE = YES_ERROR;
				CLANG_WARN_EMPTY_BODY = YES;
				CLANG_WARN_ENUM_CONVERSION = YES;
				CLANG_WARN_INT_CONVERSION = YES;
				CLANG_WARN_OBJC_ROOT_CLASS = YES_ERROR;
				CLANG_WARN__DUPLICATE_METHOD_MATCH = YES;
				"CODE_SIGN_IDENTITY[sdk=iphoneos*]" = "iPhone Developer";
				COPY_PHASE_STRIP = YES;
				ENABLE_NS_ASSERTIONS = NO;
				GCC_C_LANGUAGE_STANDARD = gnu99;
				GCC_WARN_64_TO_32_BIT_CONVERSION = YES;
				GCC_WARN_ABOUT_RETURN_TYPE = YES_ERROR;
				GCC_WARN_UNDECLARED_SELECTOR = YES;
				GCC_WARN_UNINITIALIZED_AUTOS = YES;
				GCC_WARN_UNUSED_FUNCTION = YES;
				GCC_WARN_UNUSED_VARIABLE = YES;
				IPHONEOS_DEPLOYMENT_TARGET = 7.0;
				SDKROOT = iphoneos;
				VALIDATE_PRODUCT = YES;
			};
			name = Release;
		};
		F39F240518B0976F0065EF23 /* Debug */ = {
			isa = XCBuildConfiguration;
			buildSettings = {
				ASSETCATALOG_COMPILER_APPICON_NAME = AppIcon;
				ASSETCATALOG_COMPILER_LAUNCHIMAGE_NAME = LaunchImage;
				GCC_PRECOMPILE_PREFIX_HEADER = YES;
				GCC_PREFIX_HEADER = "test_BMI_2/test_BMI_2-Prefix.pch";
				INFOPLIST_FILE = "test_BMI_2/test_BMI_2-Info.plist";
				PRODUCT_NAME = "$(TARGET_NAME)";
				WRAPPER_EXTENSION = app;
			};
			name = Debug;
		};
		F39F240618B0976F0065EF23 /* Release */ = {
			isa = XCBuildConfiguration;
			buildSettings = {
				ASSETCATALOG_COMPILER_APPICON_NAME = AppIcon;
				ASSETCATALOG_COMPILER_LAUNCHIMAGE_NAME = LaunchImage;
				GCC_PRECOMPILE_PREFIX_HEADER = YES;
				GCC_PREFIX_HEADER = "test_BMI_2/test_BMI_2-Prefix.pch";
				INFOPLIST_FILE = "test_BMI_2/test_BMI_2-Info.plist";
				PRODUCT_NAME = "$(TARGET_NAME)";
				WRAPPER_EXTENSION = app;
			};
			name = Release;
		};
		F39F240818B0976F0065EF23 /* Debug */ = {
			isa = XCBuildConfiguration;
			buildSettings = {
				ARCHS = "$(ARCHS_STANDARD_INCLUDING_64_BIT)";
				BUNDLE_LOADER = "$(BUILT_PRODUCTS_DIR)/test_BMI_2.app/test_BMI_2";
				FRAMEWORK_SEARCH_PATHS = (
					"$(SDKROOT)/Developer/Library/Frameworks",
					"$(inherited)",
					"$(DEVELOPER_FRAMEWORKS_DIR)",
				);
				GCC_PRECOMPILE_PREFIX_HEADER = YES;
				GCC_PREFIX_HEADER = "test_BMI_2/test_BMI_2-Prefix.pch";
				GCC_PREPROCESSOR_DEFINITIONS = (
					"DEBUG=1",
					"$(inherited)",
				);
				INFOPLIST_FILE = "test_BMI_2Tests/test_BMI_2Tests-Info.plist";
				PRODUCT_NAME = "$(TARGET_NAME)";
				TEST_HOST = "$(BUNDLE_LOADER)";
				WRAPPER_EXTENSION = xctest;
			};
			name = Debug;
		};
		F39F240918B0976F0065EF23 /* Release */ = {
			isa = XCBuildConfiguration;
			buildSettings = {
				ARCHS = "$(ARCHS_STANDARD_INCLUDING_64_BIT)";
				BUNDLE_LOADER = "$(BUILT_PRODUCTS_DIR)/test_BMI_2.app/test_BMI_2";
				FRAMEWORK_SEARCH_PATHS = (
					"$(SDKROOT)/Developer/Library/Frameworks",
					"$(inherited)",
					"$(DEVELOPER_FRAMEWORKS_DIR)",
				);
				GCC_PRECOMPILE_PREFIX_HEADER = YES;
				GCC_PREFIX_HEADER = "test_BMI_2/test_BMI_2-Prefix.pch";
				INFOPLIST_FILE = "test_BMI_2Tests/test_BMI_2Tests-Info.plist";
				PRODUCT_NAME = "$(TARGET_NAME)";
				TEST_HOST = "$(BUNDLE_LOADER)";
				WRAPPER_EXTENSION = xctest;
			};
			name = Release;
		};
/* End XCBuildConfiguration section */

/* Begin XCConfigurationList section */
		F39F23CD18B0976E0065EF23 /* Build configuration list for PBXProject "test_BMI_2" */ = {
			isa = XCConfigurationList;
			buildConfigurations = (
				F39F240218B0976F0065EF23 /* Debug */,
				F39F240318B0976F0065EF23 /* Release */,
			);
			defaultConfigurationIsVisible = 0;
			defaultConfigurationName = Release;
		};
		F39F240418B0976F0065EF23 /* Build configuration list for PBXNativeTarget "test_BMI_2" */ = {
			isa = XCConfigurationList;
			buildConfigurations = (
				F39F240518B0976F0065EF23 /* Debug */,
				F39F240618B0976F0065EF23 /* Release */,
			);
			defaultConfigurationIsVisible = 0;
		};
		F39F240718B0976F0065EF23 /* Build configuration list for PBXNativeTarget "test_BMI_2Tests" */ = {
			isa = XCConfigurationList;
			buildConfigurations = (
				F39F240818B0976F0065EF23 /* Debug */,
				F39F240918B0976F0065EF23 /* Release */,
			);
			defaultConfigurationIsVisible = 0;
		};
/* End XCConfigurationList section */
	};
	rootObject = F39F23CA18B0976E0065EF23 /* Project object */;
}
